
Microsoft Visual Studio Solution File, Format Version 12.00
# Visual Studio 15
Project("{FAE04EC0-301F-11D3-BF4B-00C04F79EFBC}") = "SteamVR", "SteamVR.csproj", "{708DA688-5C51-D728-301C-09D13D18D6D4}"
EndProject
Project("{FAE04EC0-301F-11D3-BF4B-00C04F79EFBC}") = "Assembly-CSharp", "Assembly-CSharp.csproj", "{4871922F-FD4D-FD4C-534F-E5288010B246}"
EndProject
Project("{FAE04EC0-301F-11D3-BF4B-00C04F79EFBC}") = "Unity.XR.Interaction.Toolkit.Samples.StarterAssets", "Unity.XR.Interaction.Toolkit.Samples.StarterAssets.csproj", "{DAD40453-20A1-C88B-1D7B-DA79EE3C84F5}"
EndProject
Project("{FAE04EC0-301F-11D3-BF4B-00C04F79EFBC}") = "SteamVR_Input_Editor", "SteamVR_Input_Editor.csproj", "{1145ED9A-9DFF-7B21-D056-58CE806BDF90}"
EndProject
Project("{FAE04EC0-301F-11D3-BF4B-00C04F79EFBC}") = "SteamVR_Editor", "SteamVR_Editor.csproj", "{67E0A654-F362-24F7-C7F7-B00DBB6869C0}"
EndProject
Project("{FAE04EC0-301F-11D3-BF4B-00C04F79EFBC}") = "Assembly-CSharp-Editor", "Assembly-CSharp-Editor.csproj", "{33DF3321-F9D2-2351-8980-F51A04BB106B}"
EndProject
Project("{FAE04EC0-301F-11D3-BF4B-00C04F79EFBC}") = "SteamVR_Windows_EditorHelper", "SteamVR_Windows_EditorHelper.csproj", "{74056061-25C7-D840-D98F-D29F5A5EA7B3}"
EndProject
Global
	GlobalSection(SolutionConfigurationPlatforms) = preSolution
		Debug|Any CPU = Debug|Any CPU
		Release|Any CPU = Release|Any CPU
	EndGlobalSection
	GlobalSection(ProjectConfigurationPlatforms) = postSolution
		{708DA688-5C51-D728-301C-09D13D18D6D4}.Debug|Any CPU.ActiveCfg = Debug|Any CPU
		{708DA688-5C51-D728-301C-09D13D18D6D4}.Debug|Any CPU.Build.0 = Debug|Any CPU
		{708DA688-5C51-D728-301C-09D13D18D6D4}.Release|Any CPU.ActiveCfg = Release|Any CPU
		{708DA688-5C51-D728-301C-09D13D18D6D4}.Release|Any CPU.Build.0 = Release|Any CPU
		{4871922F-FD4D-FD4C-534F-E5288010B246}.Debug|Any CPU.ActiveCfg = Debug|Any CPU
		{4871922F-FD4D-FD4C-534F-E5288010B246}.Debug|Any CPU.Build.0 = Debug|Any CPU
		{4871922F-FD4D-FD4C-534F-E5288010B246}.Release|Any CPU.ActiveCfg = Release|Any CPU
		{4871922F-FD4D-FD4C-534F-E5288010B246}.Release|Any CPU.Build.0 = Release|Any CPU
		{DAD40453-20A1-C88B-1D7B-DA79EE3C84F5}.Debug|Any CPU.ActiveCfg = Debug|Any CPU
		{DAD40453-20A1-C88B-1D7B-DA79EE3C84F5}.Debug|Any CPU.Build.0 = Debug|Any CPU
		{DAD40453-20A1-C88B-1D7B-DA79EE3C84F5}.Release|Any CPU.ActiveCfg = Release|Any CPU
		{DAD40453-20A1-C88B-1D7B-DA79EE3C84F5}.Release|Any CPU.Build.0 = Release|Any CPU
		{1145ED9A-9DFF-7B21-D056-58CE806BDF90}.Debug|Any CPU.ActiveCfg = Debug|Any CPU
		{1145ED9A-9DFF-7B21-D056-58CE806BDF90}.Debug|Any CPU.Build.0 = Debug|Any CPU
		{1145ED9A-9DFF-7B21-D056-58CE806BDF90}.Release|Any CPU.ActiveCfg = Release|Any CPU
		{1145ED9A-9DFF-7B21-D056-58CE806BDF90}.Release|Any CPU.Build.0 = Release|Any CPU
		{67E0A654-F362-24F7-C7F7-B00DBB6869C0}.Debug|Any CPU.ActiveCfg = Debug|Any CPU
		{67E0A654-F362-24F7-C7F7-B00DBB6869C0}.Debug|Any CPU.Build.0 = Debug|Any CPU
		{67E0A654-F362-24F7-C7F7-B00DBB6869C0}.Release|Any CPU.ActiveCfg = Release|Any CPU
		{67E0A654-F362-24F7-C7F7-B00DBB6869C0}.Release|Any CPU.Build.0 = Release|Any CPU
		{33DF3321-F9D2-2351-8980-F51A04BB106B}.Debug|Any CPU.ActiveCfg = Debug|Any CPU
		{33DF3321-F9D2-2351-8980-F51A04BB106B}.Debug|Any CPU.Build.0 = Debug|Any CPU
		{33DF3321-F9D2-2351-8980-F51A04BB106B}.Release|Any CPU.ActiveCfg = Release|Any CPU
		{33DF3321-F9D2-2351-8980-F51A04BB106B}.Release|Any CPU.Build.0 = Release|Any CPU
		{74056061-25C7-D840-D98F-D29F5A5EA7B3}.Debug|Any CPU.ActiveCfg = Debug|Any CPU
		{74056061-25C7-D840-D98F-D29F5A5EA7B3}.Debug|Any CPU.Build.0 = Debug|Any CPU
		{74056061-25C7-D840-D98F-D29F5A5EA7B3}.Release|Any CPU.ActiveCfg = Release|Any CPU
		{74056061-25C7-D840-D98F-D29F5A5EA7B3}.Release|Any CPU.Build.0 = Release|Any CPU
	EndGlobalSection
	GlobalSection(SolutionProperties) = preSolution
		HideSolutionNode = FALSE
	EndGlobalSection
EndGlobal
